
Microsoft Visual Studio Solution File, Format Version 12.00
# Visual Studio 2012
Project("{8BC9CEB8-8B4A-11D0-8D11-00A0C91BC942}") = "syrMaker", "syrMaker\vs2012\syrMaker.vcxproj", "{E8629599-19C9-4772-B21A-155677844D08}"
EndProject
Project("{8BC9CEB8-8B4A-11D0-8D11-00A0C91BC942}") = "YYnick", "YYnick\vs2012\YYnick.vcxproj", "{5727DDA1-2AF7-4A62-BE6F-73CEFEA1C6A1}"
EndProject
Project("{8BC9CEB8-8B4A-11D0-8D11-00A0C91BC942}") = "syrPlayer", "syrPlayer\vs2012\syrPlayer.vcxproj", "{4E7CFAB4-A5B0-4896-9815-C214C7BBA28D}"
EndProject
Global
	GlobalSection(SolutionConfigurationPlatforms) = preSolution
		Debug|Win32 = Debug|Win32
		Release|Win32 = Release|Win32
	EndGlobalSection
	GlobalSection(ProjectConfigurationPlatforms) = postSolution
		{E8629599-19C9-4772-B21A-155677844D08}.Debug|Win32.ActiveCfg = Debug|Win32
		{E8629599-19C9-4772-B21A-155677844D08}.Debug|Win32.Build.0 = Debug|Win32
		{E8629599-19C9-4772-B21A-155677844D08}.Release|Win32.ActiveCfg = Release|Win32
		{E8629599-19C9-4772-B21A-155677844D08}.Release|Win32.Build.0 = Release|Win32
		{5727DDA1-2AF7-4A62-BE6F-73CEFEA1C6A1}.Debug|Win32.ActiveCfg = Debug|Win32
		{5727DDA1-2AF7-4A62-BE6F-73CEFEA1C6A1}.Debug|Win32.Build.0 = Debug|Win32
		{5727DDA1-2AF7-4A62-BE6F-73CEFEA1C6A1}.Release|Win32.ActiveCfg = Release|Win32
		{5727DDA1-2AF7-4A62-BE6F-73CEFEA1C6A1}.Release|Win32.Build.0 = Release|Win32
		{4E7CFAB4-A5B0-4896-9815-C214C7BBA28D}.Debug|Win32.ActiveCfg = Debug|Win32
		{4E7CFAB4-A5B0-4896-9815-C214C7BBA28D}.Debug|Win32.Build.0 = Debug|Win32
		{4E7CFAB4-A5B0-4896-9815-C214C7BBA28D}.Release|Win32.ActiveCfg = Release|Win32
		{4E7CFAB4-A5B0-4896-9815-C214C7BBA28D}.Release|Win32.Build.0 = Release|Win32
	EndGlobalSection
	GlobalSection(SolutionProperties) = preSolution
		HideSolutionNode = FALSE
	EndGlobalSection
EndGlobal
