<?xml version="1.0" encoding="utf-8"?>
<Project ToolsVersion="4.0" xmlns="http://schemas.microsoft.com/developer/msbuild/2003">
  <ItemGroup>
    <Filter Include="源文件">
      <UniqueIdentifier>{4FC737F1-C7A5-4376-A066-2A32D752A2FF}</UniqueIdentifier>
      <Extensions>cpp;c;cc;cxx;def;odl;idl;hpj;bat;asm;asmx</Extensions>
    </Filter>
    <Filter Include="头文件">
      <UniqueIdentifier>{93995380-89BD-4b04-88EB-625FBE52EBFB}</UniqueIdentifier>
      <Extensions>h;hpp;hxx;hm;inl;inc;xsd</Extensions>
    </Filter>
    <Filter Include="资源文件">
      <UniqueIdentifier>{67DA6AB6-F800-4c08-8B7A-83BB121AAD01}</UniqueIdentifier>
      <Extensions>rc;ico;cur;bmp;dlg;rc2;rct;bin;rgs;gif;jpg;jpeg;jpe;resx;tiff;tif;png;wav</Extensions>
    </Filter>
    <Filter Include="tinyxml">
      <UniqueIdentifier>{35f92570-9b8b-4b1f-9a21-d57d603fdbd7}</UniqueIdentifier>
    </Filter>
  </ItemGroup>
  <ItemGroup>
    <ClCompile Include="..\AboutDlg.cpp">
      <Filter>源文件</Filter>
    </ClCompile>
    <ClCompile Include="..\HyperLink.cpp">
      <Filter>源文件</Filter>
    </ClCompile>
    <ClCompile Include="..\keySetDlg.cpp">
      <Filter>源文件</Filter>
    </ClCompile>
    <ClCompile Include="..\ListCtrlEditable.cpp">
      <Filter>源文件</Filter>
    </ClCompile>
    <ClCompile Include="..\lrc.cpp">
      <Filter>源文件</Filter>
    </ClCompile>
    <ClCompile Include="..\stdafx.cpp">
      <Filter>源文件</Filter>
    </ClCompile>
    <ClCompile Include="..\Styler.cpp">
      <Filter>源文件</Filter>
    </ClCompile>
    <ClCompile Include="..\syrPlayer.cpp">
      <Filter>源文件</Filter>
    </ClCompile>
    <ClCompile Include="..\syrPlayerDlg.cpp">
      <Filter>源文件</Filter>
    </ClCompile>
    <ClCompile Include="..\tinyxml\tinystr.cpp">
      <Filter>tinyxml</Filter>
    </ClCompile>
    <ClCompile Include="..\tinyxml\tinyxml.cpp">
      <Filter>tinyxml</Filter>
    </ClCompile>
    <ClCompile Include="..\tinyxml\tinyxmlerror.cpp">
      <Filter>tinyxml</Filter>
    </ClCompile>
    <ClCompile Include="..\tinyxml\tinyxmlparser.cpp">
      <Filter>tinyxml</Filter>
    </ClCompile>
    <ClCompile Include="..\HtmlWndMgr.cpp">
      <Filter>源文件</Filter>
    </ClCompile>
  </ItemGroup>
  <ItemGroup>
    <ClInclude Include="..\AboutDlg.h">
      <Filter>头文件</Filter>
    </ClInclude>
    <ClInclude Include="..\HyperLink.h">
      <Filter>头文件</Filter>
    </ClInclude>
    <ClInclude Include="..\keySetDlg.h">
      <Filter>头文件</Filter>
    </ClInclude>
    <ClInclude Include="..\ListCtrlEditable.h">
      <Filter>头文件</Filter>
    </ClInclude>
    <ClInclude Include="..\lrc.h">
      <Filter>头文件</Filter>
    </ClInclude>
    <ClInclude Include="..\Resource.h">
      <Filter>头文件</Filter>
    </ClInclude>
    <ClInclude Include="..\stdafx.h">
      <Filter>头文件</Filter>
    </ClInclude>
    <ClInclude Include="..\Styler.h">
      <Filter>头文件</Filter>
    </ClInclude>
    <ClInclude Include="..\syrPlayer.h">
      <Filter>头文件</Filter>
    </ClInclude>
    <ClInclude Include="..\syrPlayerDlg.h">
      <Filter>头文件</Filter>
    </ClInclude>
    <ClInclude Include="..\tinyxml\tinystr.h">
      <Filter>tinyxml</Filter>
    </ClInclude>
    <ClInclude Include="..\tinyxml\tinyxml.h">
      <Filter>tinyxml</Filter>
    </ClInclude>
    <ClInclude Include="..\HtmlWndMgr.h">
      <Filter>头文件</Filter>
    </ClInclude>
  </ItemGroup>
  <ItemGroup>
    <Image Include="..\res\syrPlayer.ico">
      <Filter>资源文件</Filter>
    </Image>
  </ItemGroup>
  <ItemGroup>
    <None Include="..\res\syrPlayer.rc2">
      <Filter>资源文件</Filter>
    </None>
  </ItemGroup>
  <ItemGroup>
    <ResourceCompile Include="..\syrPlayer.rc">
      <Filter>资源文件</Filter>
    </ResourceCompile>
  </ItemGroup>
</Project>